
Microsoft Visual Studio Solution File, Format Version 12.00
# Visual Studio Version 16
VisualStudioVersion = 16.0.29209.62
MinimumVisualStudioVersion = 10.0.40219.1
Project("{FAE04EC0-301F-11D3-BF4B-00C04F79EFBC}") = "SimpleSchool", "SimpleSchool\SimpleSchool.csproj", "{291A82D6-AD07-43F2-821E-C86E225402F2}"
EndProject
Project("{FAE04EC0-301F-11D3-BF4B-00C04F79EFBC}") = "ChinookSystem", "ChinookSystem\ChinookSystem.csproj", "{27333461-0799-4F5A-ACB0-C9D87F3DAAC2}"
EndProject
Global
	GlobalSection(SolutionConfigurationPlatforms) = preSolution
		Debug|Any CPU = Debug|Any CPU
		Release|Any CPU = Release|Any CPU
	EndGlobalSection
	GlobalSection(ProjectConfigurationPlatforms) = postSolution
		{291A82D6-AD07-43F2-821E-C86E225402F2}.Debug|Any CPU.ActiveCfg = Debug|Any CPU
		{291A82D6-AD07-43F2-821E-C86E225402F2}.Debug|Any CPU.Build.0 = Debug|Any CPU
		{291A82D6-AD07-43F2-821E-C86E225402F2}.Release|Any CPU.ActiveCfg = Release|Any CPU
		{291A82D6-AD07-43F2-821E-C86E225402F2}.Release|Any CPU.Build.0 = Release|Any CPU
		{27333461-0799-4F5A-ACB0-C9D87F3DAAC2}.Debug|Any CPU.ActiveCfg = Debug|Any CPU
		{27333461-0799-4F5A-ACB0-C9D87F3DAAC2}.Debug|Any CPU.Build.0 = Debug|Any CPU
		{27333461-0799-4F5A-ACB0-C9D87F3DAAC2}.Release|Any CPU.ActiveCfg = Release|Any CPU
		{27333461-0799-4F5A-ACB0-C9D87F3DAAC2}.Release|Any CPU.Build.0 = Release|Any CPU
	EndGlobalSection
	GlobalSection(SolutionProperties) = preSolution
		HideSolutionNode = FALSE
	EndGlobalSection
	GlobalSection(ExtensibilityGlobals) = postSolution
		SolutionGuid = {4351D2AF-B16E-4355-8A07-8A5CCF5501D0}
	EndGlobalSection
EndGlobal
